
Microsoft Visual Studio Solution File, Format Version 12.00
# Visual Studio Version 16
VisualStudioVersion = 16.0.28803.352
MinimumVisualStudioVersion = 10.0.40219.1
Project("{FAE04EC0-301F-11D3-BF4B-00C04F79EFBC}") = "MailSender", "MailSender\MailSender.csproj", "{BEDC1249-CAEE-4998-8370-7B02C1077911}"
EndProject
Project("{FAE04EC0-301F-11D3-BF4B-00C04F79EFBC}") = "MailSender.library", "MailSender.library\MailSender.library.csproj", "{E2921C59-7DBF-4705-BF07-6B6F40BAFBCF}"
EndProject
Project("{FAE04EC0-301F-11D3-BF4B-00C04F79EFBC}") = "WpfTestMailSender", "WpfTestMailSender\WpfTestMailSender.csproj", "{B5A0D3FD-8A4B-4D48-B5E7-61CAF56142CA}"
EndProject
Project("{FAE04EC0-301F-11D3-BF4B-00C04F79EFBC}") = "MailSender.library.Tests", "MailSender.library.Tests\MailSender.library.Tests.csproj", "{1E756305-86FB-454F-A8E0-1DB041880D5E}"
EndProject
Global
	GlobalSection(SolutionConfigurationPlatforms) = preSolution
		Debug|Any CPU = Debug|Any CPU
		Release|Any CPU = Release|Any CPU
	EndGlobalSection
	GlobalSection(ProjectConfigurationPlatforms) = postSolution
		{BEDC1249-CAEE-4998-8370-7B02C1077911}.Debug|Any CPU.ActiveCfg = Debug|Any CPU
		{BEDC1249-CAEE-4998-8370-7B02C1077911}.Debug|Any CPU.Build.0 = Debug|Any CPU
		{BEDC1249-CAEE-4998-8370-7B02C1077911}.Release|Any CPU.ActiveCfg = Release|Any CPU
		{BEDC1249-CAEE-4998-8370-7B02C1077911}.Release|Any CPU.Build.0 = Release|Any CPU
		{E2921C59-7DBF-4705-BF07-6B6F40BAFBCF}.Debug|Any CPU.ActiveCfg = Debug|Any CPU
		{E2921C59-7DBF-4705-BF07-6B6F40BAFBCF}.Debug|Any CPU.Build.0 = Debug|Any CPU
		{E2921C59-7DBF-4705-BF07-6B6F40BAFBCF}.Release|Any CPU.ActiveCfg = Release|Any CPU
		{E2921C59-7DBF-4705-BF07-6B6F40BAFBCF}.Release|Any CPU.Build.0 = Release|Any CPU
		{B5A0D3FD-8A4B-4D48-B5E7-61CAF56142CA}.Debug|Any CPU.ActiveCfg = Debug|Any CPU
		{B5A0D3FD-8A4B-4D48-B5E7-61CAF56142CA}.Debug|Any CPU.Build.0 = Debug|Any CPU
		{B5A0D3FD-8A4B-4D48-B5E7-61CAF56142CA}.Release|Any CPU.ActiveCfg = Release|Any CPU
		{B5A0D3FD-8A4B-4D48-B5E7-61CAF56142CA}.Release|Any CPU.Build.0 = Release|Any CPU
		{1E756305-86FB-454F-A8E0-1DB041880D5E}.Debug|Any CPU.ActiveCfg = Debug|Any CPU
		{1E756305-86FB-454F-A8E0-1DB041880D5E}.Debug|Any CPU.Build.0 = Debug|Any CPU
		{1E756305-86FB-454F-A8E0-1DB041880D5E}.Release|Any CPU.ActiveCfg = Release|Any CPU
		{1E756305-86FB-454F-A8E0-1DB041880D5E}.Release|Any CPU.Build.0 = Release|Any CPU
	EndGlobalSection
	GlobalSection(SolutionProperties) = preSolution
		HideSolutionNode = FALSE
	EndGlobalSection
	GlobalSection(ExtensibilityGlobals) = postSolution
		SolutionGuid = {F1945004-B3B5-4B88-B5A1-D6B0CC71EF79}
	EndGlobalSection
EndGlobal
