
Microsoft Visual Studio Solution File, Format Version 12.00
# Visual Studio 15
VisualStudioVersion = 15.0.28307.421
MinimumVisualStudioVersion = 10.0.40219.1
Project("{9A19103F-16F7-4668-BE54-9A1E7A4F7556}") = "WebStore", "WebStore\WebStore.csproj", "{88108A72-D1AE-4272-8555-7434D383CFBD}"
EndProject
Global
	GlobalSection(SolutionConfigurationPlatforms) = preSolution
		Debug|Any CPU = Debug|Any CPU
		Release|Any CPU = Release|Any CPU
	EndGlobalSection
	GlobalSection(ProjectConfigurationPlatforms) = postSolution
		{88108A72-D1AE-4272-8555-7434D383CFBD}.Debug|Any CPU.ActiveCfg = Debug|Any CPU
		{88108A72-D1AE-4272-8555-7434D383CFBD}.Debug|Any CPU.Build.0 = Debug|Any CPU
		{88108A72-D1AE-4272-8555-7434D383CFBD}.Release|Any CPU.ActiveCfg = Release|Any CPU
		{88108A72-D1AE-4272-8555-7434D383CFBD}.Release|Any CPU.Build.0 = Release|Any CPU
	EndGlobalSection
	GlobalSection(SolutionProperties) = preSolution
		HideSolutionNode = FALSE
	EndGlobalSection
	GlobalSection(ExtensibilityGlobals) = postSolution
		SolutionGuid = {15C1CCFA-05C9-4842-BFB2-E3EAF352BFF3}
	EndGlobalSection
EndGlobal
